// !$*UTF8*$!
{
	archiveVersion = 1;
	classes = {
	};
	objectVersion = 46;
	objects = {

/* Begin PBXBuildFile section */
		079CA3CCD23B62C887AB86F6 /* Pods_NASAMashTests.framework in Frameworks */ = {isa = PBXBuildFile; fileRef = 6380640F00A036EEDDB5537A /* Pods_NASAMashTests.framework */; };
		0F400C6FAF242272EE9C8773 /* Pods_NASAMashUITests.framework in Frameworks */ = {isa = PBXBuildFile; fileRef = D5B5E95D589A2B07BB230A02 /* Pods_NASAMashUITests.framework */; };
		6B5FE8191E67590B002CBDAA /* UIImage+extensions.swift in Sources */ = {isa = PBXBuildFile; fileRef = 6B5FE8181E67590B002CBDAA /* UIImage+extensions.swift */; };
		6B5FE81B1E67598C002CBDAA /* UserDefaultsKey.swift in Sources */ = {isa = PBXBuildFile; fileRef = 6B5FE81A1E67598C002CBDAA /* UserDefaultsKey.swift */; };
		6B5FE81C1E67598C002CBDAA /* UserDefaultsKey.swift in Sources */ = {isa = PBXBuildFile; fileRef = 6B5FE81A1E67598C002CBDAA /* UserDefaultsKey.swift */; };
		6B5FE81E1E687D47002CBDAA /* UIViewController+TJMApplicationNotification.swift in Sources */ = {isa = PBXBuildFile; fileRef = 6B5FE81D1E687D47002CBDAA /* UIViewController+TJMApplicationNotification.swift */; };
		6B5FE8211E687E15002CBDAA /* TJMApplicationNotification.swift in Sources */ = {isa = PBXBuildFile; fileRef = 6B5FE8201E687E15002CBDAA /* TJMApplicationNotification.swift */; };
		6B5FE8221E687E15002CBDAA /* TJMApplicationNotification.swift in Sources */ = {isa = PBXBuildFile; fileRef = 6B5FE8201E687E15002CBDAA /* TJMApplicationNotification.swift */; };
		6B5FE8241E69DF56002CBDAA /* RoverPhotosViewController.swift in Sources */ = {isa = PBXBuildFile; fileRef = 6B5FE8231E69DF56002CBDAA /* RoverPhotosViewController.swift */; };
		6B5FE8261E6A067D002CBDAA /* Int+extensions.swift in Sources */ = {isa = PBXBuildFile; fileRef = 6B5FE8251E6A067D002CBDAA /* Int+extensions.swift */; };
		6B5FE8271E6A067D002CBDAA /* Int+extensions.swift in Sources */ = {isa = PBXBuildFile; fileRef = 6B5FE8251E6A067D002CBDAA /* Int+extensions.swift */; };
		6B5FE8291E6BBF72002CBDAA /* PhotoViewController.swift in Sources */ = {isa = PBXBuildFile; fileRef = 6B5FE8281E6BBF72002CBDAA /* PhotoViewController.swift */; };
		6B871C6D1E5DE253006F2236 /* AppDelegate.swift in Sources */ = {isa = PBXBuildFile; fileRef = 6B871C6C1E5DE253006F2236 /* AppDelegate.swift */; };
		6B871C741E5DE253006F2236 /* Main.storyboard in Resources */ = {isa = PBXBuildFile; fileRef = 6B871C721E5DE253006F2236 /* Main.storyboard */; };
		6B871C761E5DE253006F2236 /* Assets.xcassets in Resources */ = {isa = PBXBuildFile; fileRef = 6B871C751E5DE253006F2236 /* Assets.xcassets */; };
		6B871C791E5DE253006F2236 /* LaunchScreen.storyboard in Resources */ = {isa = PBXBuildFile; fileRef = 6B871C771E5DE253006F2236 /* LaunchScreen.storyboard */; };
		6B871C841E5DE253006F2236 /* NASAMashTests.swift in Sources */ = {isa = PBXBuildFile; fileRef = 6B871C831E5DE253006F2236 /* NASAMashTests.swift */; };
		6B871C8F1E5DE253006F2236 /* NASAMashUITests.swift in Sources */ = {isa = PBXBuildFile; fileRef = 6B871C8E1E5DE253006F2236 /* NASAMashUITests.swift */; };
		6B871C9D1E5DE289006F2236 /* Camera.swift in Sources */ = {isa = PBXBuildFile; fileRef = 6B871C9C1E5DE289006F2236 /* Camera.swift */; };
		6B871C9E1E5DE289006F2236 /* Camera.swift in Sources */ = {isa = PBXBuildFile; fileRef = 6B871C9C1E5DE289006F2236 /* Camera.swift */; };
		6B871CA01E5DE2F0006F2236 /* Rover.swift in Sources */ = {isa = PBXBuildFile; fileRef = 6B871C9F1E5DE2F0006F2236 /* Rover.swift */; };
		6B871CA11E5DE2F0006F2236 /* Rover.swift in Sources */ = {isa = PBXBuildFile; fileRef = 6B871C9F1E5DE2F0006F2236 /* Rover.swift */; };
		6B871CA31E5DE40E006F2236 /* NASARoverEndpoint.swift in Sources */ = {isa = PBXBuildFile; fileRef = 6B871CA21E5DE40E006F2236 /* NASARoverEndpoint.swift */; };
		6B871CA41E5DE40E006F2236 /* NASARoverEndpoint.swift in Sources */ = {isa = PBXBuildFile; fileRef = 6B871CA21E5DE40E006F2236 /* NASARoverEndpoint.swift */; };
		6B871CA61E5DE43D006F2236 /* APIClient.swift in Sources */ = {isa = PBXBuildFile; fileRef = 6B871CA51E5DE43D006F2236 /* APIClient.swift */; };
		6B871CA71E5DE43D006F2236 /* APIClient.swift in Sources */ = {isa = PBXBuildFile; fileRef = 6B871CA51E5DE43D006F2236 /* APIClient.swift */; };
		6B871CAF1E5DE498006F2236 /* NASAAPIClient.swift in Sources */ = {isa = PBXBuildFile; fileRef = 6B871CAE1E5DE498006F2236 /* NASAAPIClient.swift */; };
		6B871CB01E5DE498006F2236 /* NASAAPIClient.swift in Sources */ = {isa = PBXBuildFile; fileRef = 6B871CAE1E5DE498006F2236 /* NASAAPIClient.swift */; };
		6B871CB41E5DF0BD006F2236 /* RoverRequestParameters.swift in Sources */ = {isa = PBXBuildFile; fileRef = 6B871CB31E5DF0BD006F2236 /* RoverRequestParameters.swift */; };
		6B871CB51E5DF0BD006F2236 /* RoverRequestParameters.swift in Sources */ = {isa = PBXBuildFile; fileRef = 6B871CB31E5DF0BD006F2236 /* RoverRequestParameters.swift */; };
		6B871CB71E5DF104006F2236 /* Key.swift in Sources */ = {isa = PBXBuildFile; fileRef = 6B871CB61E5DF104006F2236 /* Key.swift */; };
		6B871CB81E5DF104006F2236 /* Key.swift in Sources */ = {isa = PBXBuildFile; fileRef = 6B871CB61E5DF104006F2236 /* Key.swift */; };
		6B871CBB1E5DF2B8006F2236 /* Date+extensions.swift in Sources */ = {isa = PBXBuildFile; fileRef = 6B871CBA1E5DF2B8006F2236 /* Date+extensions.swift */; };
		6B871CBC1E5DF2B8006F2236 /* Date+extensions.swift in Sources */ = {isa = PBXBuildFile; fileRef = 6B871CBA1E5DF2B8006F2236 /* Date+extensions.swift */; };
		6B871CBE1E5DF532006F2236 /* DictionaryAddValuesFromDictionary.swift in Sources */ = {isa = PBXBuildFile; fileRef = 6B871CBD1E5DF532006F2236 /* DictionaryAddValuesFromDictionary.swift */; };
		6B871CBF1E5DF532006F2236 /* DictionaryAddValuesFromDictionary.swift in Sources */ = {isa = PBXBuildFile; fileRef = 6B871CBD1E5DF532006F2236 /* DictionaryAddValuesFromDictionary.swift */; };
		6B871CC11E5DF7DC006F2236 /* String+extensions.swift in Sources */ = {isa = PBXBuildFile; fileRef = 6B871CC01E5DF7DC006F2236 /* String+extensions.swift */; };
		6B871CC21E5DF7DC006F2236 /* String+extensions.swift in Sources */ = {isa = PBXBuildFile; fileRef = 6B871CC01E5DF7DC006F2236 /* String+extensions.swift */; };
		6B871CC41E5E12E9006F2236 /* RoverPhoto.swift in Sources */ = {isa = PBXBuildFile; fileRef = 6B871CC31E5E12E9006F2236 /* RoverPhoto.swift */; };
		6B871CC51E5E12E9006F2236 /* RoverPhoto.swift in Sources */ = {isa = PBXBuildFile; fileRef = 6B871CC31E5E12E9006F2236 /* RoverPhoto.swift */; };
		6B871CC71E5E1445006F2236 /* JSONInitable.swift in Sources */ = {isa = PBXBuildFile; fileRef = 6B871CC61E5E1445006F2236 /* JSONInitable.swift */; };
		6B871CCF1E5E2313006F2236 /* JSONInitable.swift in Sources */ = {isa = PBXBuildFile; fileRef = 6B871CC61E5E1445006F2236 /* JSONInitable.swift */; };
		6B871CD21E5E26BA006F2236 /* Rover+extensions.swift in Sources */ = {isa = PBXBuildFile; fileRef = 6B871CD11E5E26BA006F2236 /* Rover+extensions.swift */; };
		6B871CD31E5E26BA006F2236 /* Rover+extensions.swift in Sources */ = {isa = PBXBuildFile; fileRef = 6B871CD11E5E26BA006F2236 /* Rover+extensions.swift */; };
		6B871CD51E5E26D5006F2236 /* RoverPhoto+extensions.swift in Sources */ = {isa = PBXBuildFile; fileRef = 6B871CD41E5E26D5006F2236 /* RoverPhoto+extensions.swift */; };
		6B871CD61E5E26D5006F2236 /* RoverPhoto+extensions.swift in Sources */ = {isa = PBXBuildFile; fileRef = 6B871CD41E5E26D5006F2236 /* RoverPhoto+extensions.swift */; };
		6B871CD81E5E2702006F2236 /* Camera+extensions.swift in Sources */ = {isa = PBXBuildFile; fileRef = 6B871CD71E5E2702006F2236 /* Camera+extensions.swift */; };
		6B871CD91E5E2702006F2236 /* Camera+extensions.swift in Sources */ = {isa = PBXBuildFile; fileRef = 6B871CD71E5E2702006F2236 /* Camera+extensions.swift */; };
		6B871CDB1E5E30A7006F2236 /* ListParseable.swift in Sources */ = {isa = PBXBuildFile; fileRef = 6B871CDA1E5E30A7006F2236 /* ListParseable.swift */; };
		6B871CDC1E5E30A7006F2236 /* ListParseable.swift in Sources */ = {isa = PBXBuildFile; fileRef = 6B871CDA1E5E30A7006F2236 /* ListParseable.swift */; };
		6B871D291E60C6CB006F2236 /* Model.swift in Sources */ = {isa = PBXBuildFile; fileRef = 6B871D281E60C6CB006F2236 /* Model.swift */; };
		6B871D2A1E60C6CB006F2236 /* Model.swift in Sources */ = {isa = PBXBuildFile; fileRef = 6B871D281E60C6CB006F2236 /* Model.swift */; };
		6B871D2C1E647CD6006F2236 /* UserSettings.swift in Sources */ = {isa = PBXBuildFile; fileRef = 6B871D2B1E647CD6006F2236 /* UserSettings.swift */; };
		6B871D2D1E647CD6006F2236 /* UserSettings.swift in Sources */ = {isa = PBXBuildFile; fileRef = 6B871D2B1E647CD6006F2236 /* UserSettings.swift */; };
		6B871D311E64B7C9006F2236 /* Manifest.swift in Sources */ = {isa = PBXBuildFile; fileRef = 6B871D301E64B7C9006F2236 /* Manifest.swift */; };
		6B871D321E64B7C9006F2236 /* Manifest.swift in Sources */ = {isa = PBXBuildFile; fileRef = 6B871D301E64B7C9006F2236 /* Manifest.swift */; };
		6B871D341E64B84F006F2236 /* Manifest+extensions.swift in Sources */ = {isa = PBXBuildFile; fileRef = 6B871D331E64B84F006F2236 /* Manifest+extensions.swift */; };
		6B871D351E64B84F006F2236 /* Manifest+extensions.swift in Sources */ = {isa = PBXBuildFile; fileRef = 6B871D331E64B84F006F2236 /* Manifest+extensions.swift */; };
		6B907B071E652F3300B75514 /* NASAEarthImageryEndpoint.swift in Sources */ = {isa = PBXBuildFile; fileRef = 6B907B061E652F3300B75514 /* NASAEarthImageryEndpoint.swift */; };
		6B907B081E652F3300B75514 /* NASAEarthImageryEndpoint.swift in Sources */ = {isa = PBXBuildFile; fileRef = 6B907B061E652F3300B75514 /* NASAEarthImageryEndpoint.swift */; };
		6B907B0A1E65310C00B75514 /* EarthImageAsset.swift in Sources */ = {isa = PBXBuildFile; fileRef = 6B907B091E65310C00B75514 /* EarthImageAsset.swift */; };
		6B907B0B1E65310C00B75514 /* EarthImageAsset.swift in Sources */ = {isa = PBXBuildFile; fileRef = 6B907B091E65310C00B75514 /* EarthImageAsset.swift */; };
		6B907B0D1E65393C00B75514 /* EarthImagery.swift in Sources */ = {isa = PBXBuildFile; fileRef = 6B907B0C1E65393C00B75514 /* EarthImagery.swift */; };
		6B907B0E1E65393C00B75514 /* EarthImagery.swift in Sources */ = {isa = PBXBuildFile; fileRef = 6B907B0C1E65393C00B75514 /* EarthImagery.swift */; };
		6B907B101E6539E400B75514 /* EarthImageryParams.swift in Sources */ = {isa = PBXBuildFile; fileRef = 6B907B0F1E6539E400B75514 /* EarthImageryParams.swift */; };
		6B907B111E6539E400B75514 /* EarthImageryParams.swift in Sources */ = {isa = PBXBuildFile; fileRef = 6B907B0F1E6539E400B75514 /* EarthImageryParams.swift */; };
		6B907B131E653F0500B75514 /* EarthImageAsset+extensions.swift in Sources */ = {isa = PBXBuildFile; fileRef = 6B907B121E653F0500B75514 /* EarthImageAsset+extensions.swift */; };
		6B907B141E653F0500B75514 /* EarthImageAsset+extensions.swift in Sources */ = {isa = PBXBuildFile; fileRef = 6B907B121E653F0500B75514 /* EarthImageAsset+extensions.swift */; };
		6B907B161E65F2F300B75514 /* EarthImagery+extensions.swift in Sources */ = {isa = PBXBuildFile; fileRef = 6B907B151E65F2F300B75514 /* EarthImagery+extensions.swift */; };
		6B907B171E65F2F300B75514 /* EarthImagery+extensions.swift in Sources */ = {isa = PBXBuildFile; fileRef = 6B907B151E65F2F300B75514 /* EarthImagery+extensions.swift */; };
		6B907B191E660D2200B75514 /* APODImage.swift in Sources */ = {isa = PBXBuildFile; fileRef = 6B907B181E660D2200B75514 /* APODImage.swift */; };
		6B907B1A1E660D2200B75514 /* APODImage.swift in Sources */ = {isa = PBXBuildFile; fileRef = 6B907B181E660D2200B75514 /* APODImage.swift */; };
		6B907B1C1E660E2D00B75514 /* APODImage+extensions.swift in Sources */ = {isa = PBXBuildFile; fileRef = 6B907B1B1E660E2D00B75514 /* APODImage+extensions.swift */; };
		6B907B1D1E660E2D00B75514 /* APODImage+extensions.swift in Sources */ = {isa = PBXBuildFile; fileRef = 6B907B1B1E660E2D00B75514 /* APODImage+extensions.swift */; };
		6B907B1F1E66124300B75514 /* NASAAPODEndpoint.swift in Sources */ = {isa = PBXBuildFile; fileRef = 6B907B1E1E66124300B75514 /* NASAAPODEndpoint.swift */; };
		6B907B201E66124300B75514 /* NASAAPODEndpoint.swift in Sources */ = {isa = PBXBuildFile; fileRef = 6B907B1E1E66124300B75514 /* NASAAPODEndpoint.swift */; };
		6B907B221E66165B00B75514 /* Feature.swift in Sources */ = {isa = PBXBuildFile; fileRef = 6B907B211E66165B00B75514 /* Feature.swift */; };
		6B907B231E66165B00B75514 /* Feature.swift in Sources */ = {isa = PBXBuildFile; fileRef = 6B907B211E66165B00B75514 /* Feature.swift */; };
		6B907B251E66168D00B75514 /* Feature+extensions.swift in Sources */ = {isa = PBXBuildFile; fileRef = 6B907B241E66168D00B75514 /* Feature+extensions.swift */; };
		6B907B261E66168D00B75514 /* Feature+extensions.swift in Sources */ = {isa = PBXBuildFile; fileRef = 6B907B241E66168D00B75514 /* Feature+extensions.swift */; };
		6B907B281E663EFF00B75514 /* FeatureViewController.swift in Sources */ = {isa = PBXBuildFile; fileRef = 6B907B271E663EFF00B75514 /* FeatureViewController.swift */; };
		6B907B2C1E66400900B75514 /* FeatureCell.swift in Sources */ = {isa = PBXBuildFile; fileRef = 6B907B2B1E66400900B75514 /* FeatureCell.swift */; };
		6B907B2F1E67344800B75514 /* APODCell.swift in Sources */ = {isa = PBXBuildFile; fileRef = 6B907B2E1E67344800B75514 /* APODCell.swift */; };
		6B907B321E67417700B75514 /* APODViewController.swift in Sources */ = {isa = PBXBuildFile; fileRef = 6B907B311E67417700B75514 /* APODViewController.swift */; };
		6B9D8EC11E6F048600F626FD /* PostcardViewController.swift in Sources */ = {isa = PBXBuildFile; fileRef = 6B9D8EC01E6F048600F626FD /* PostcardViewController.swift */; };
		6B9D8EC31E703EA800F626FD /* ActivityViewController.swift in Sources */ = {isa = PBXBuildFile; fileRef = 6B9D8EC21E703EA800F626FD /* ActivityViewController.swift */; };
		6B9D8EC51E706E9100F626FD /* EarthViewController.swift in Sources */ = {isa = PBXBuildFile; fileRef = 6B9D8EC41E706E9100F626FD /* EarthViewController.swift */; };
		6B9D8EC71E71045900F626FD /* LocationViewController.swift in Sources */ = {isa = PBXBuildFile; fileRef = 6B9D8EC61E71045800F626FD /* LocationViewController.swift */; };
		6B9D8EC91E71050F00F626FD /* LocationManager.swift in Sources */ = {isa = PBXBuildFile; fileRef = 6B9D8EC81E71050F00F626FD /* LocationManager.swift */; };
		6B9D8ECA1E71051000F626FD /* LocationManager.swift in Sources */ = {isa = PBXBuildFile; fileRef = 6B9D8EC81E71050F00F626FD /* LocationManager.swift */; };
		6B9D8ECC1E71054700F626FD /* CLPlacemark+extensions.swift in Sources */ = {isa = PBXBuildFile; fileRef = 6B9D8ECB1E71054700F626FD /* CLPlacemark+extensions.swift */; };
		6B9D8ECD1E71054700F626FD /* CLPlacemark+extensions.swift in Sources */ = {isa = PBXBuildFile; fileRef = 6B9D8ECB1E71054700F626FD /* CLPlacemark+extensions.swift */; };
		6B9D8ECF1E71061500F626FD /* SearchResultsTableViewController.swift in Sources */ = {isa = PBXBuildFile; fileRef = 6B9D8ECE1E71061500F626FD /* SearchResultsTableViewController.swift */; };
		6B9D8ED11E72178000F626FD /* LocationManagerTests.swift in Sources */ = {isa = PBXBuildFile; fileRef = 6B9D8ED01E72178000F626FD /* LocationManagerTests.swift */; };
		6BBEDD301E6E4A0C00ED9D3F /* CGRect+extensions.swift in Sources */ = {isa = PBXBuildFile; fileRef = 6BBEDD2F1E6E4A0C00ED9D3F /* CGRect+extensions.swift */; };
		6BBEDD311E6E4A0C00ED9D3F /* CGRect+extensions.swift in Sources */ = {isa = PBXBuildFile; fileRef = 6BBEDD2F1E6E4A0C00ED9D3F /* CGRect+extensions.swift */; };
		6BBEDD331E6E675100ED9D3F /* RoverPhotoCell.swift in Sources */ = {isa = PBXBuildFile; fileRef = 6BBEDD321E6E675100ED9D3F /* RoverPhotoCell.swift */; };
		6BCE2B2F1E6C422A003D6893 /* ImageManager.swift in Sources */ = {isa = PBXBuildFile; fileRef = 6BCE2B2E1E6C422A003D6893 /* ImageManager.swift */; };
		6BCE2B311E6C6587003D6893 /* AttributedStringDescription.swift in Sources */ = {isa = PBXBuildFile; fileRef = 6BCE2B301E6C6587003D6893 /* AttributedStringDescription.swift */; };
		6BF4EF081E6D14EF002A81B7 /* RepointerViewController.swift in Sources */ = {isa = PBXBuildFile; fileRef = 6BF4EF071E6D14EF002A81B7 /* RepointerViewController.swift */; };
		A257FB26C6D3E10C518CB6F0 /* Pods_NASAMash.framework in Frameworks */ = {isa = PBXBuildFile; fileRef = 7957F259B61E901C452D1567 /* Pods_NASAMash.framework */; };
/* End PBXBuildFile section */

/* Begin PBXContainerItemProxy section */
		6B871C801E5DE253006F2236 /* PBXContainerItemProxy */ = {
			isa = PBXContainerItemProxy;
			containerPortal = 6B871C611E5DE253006F2236 /* Project object */;
			proxyType = 1;
			remoteGlobalIDString = 6B871C681E5DE253006F2236;
			remoteInfo = NASAMash;
		};
		6B871C8B1E5DE253006F2236 /* PBXContainerItemProxy */ = {
			isa = PBXContainerItemProxy;
			containerPortal = 6B871C611E5DE253006F2236 /* Project object */;
			proxyType = 1;
			remoteGlobalIDString = 6B871C681E5DE253006F2236;
			remoteInfo = NASAMash;
		};
/* End PBXContainerItemProxy section */

/* Begin PBXFileReference section */
		3A47DEC2F92CBE4711BD09A7 /* Pods-NASAMashTests.release.xcconfig */ = {isa = PBXFileReference; includeInIndex = 1; lastKnownFileType = text.xcconfig; name = "Pods-NASAMashTests.release.xcconfig"; path = "Pods/Target Support Files/Pods-NASAMashTests/Pods-NASAMashTests.release.xcconfig"; sourceTree = "<group>"; };
		5A5B3D0AE136817123733CF3 /* Pods-NASAMashUITests.debug.xcconfig */ = {isa = PBXFileReference; includeInIndex = 1; lastKnownFileType = text.xcconfig; name = "Pods-NASAMashUITests.debug.xcconfig"; path = "Pods/Target Support Files/Pods-NASAMashUITests/Pods-NASAMashUITests.debug.xcconfig"; sourceTree = "<group>"; };
		6380640F00A036EEDDB5537A /* Pods_NASAMashTests.framework */ = {isa = PBXFileReference; explicitFileType = wrapper.framework; includeInIndex = 0; path = Pods_NASAMashTests.framework; sourceTree = BUILT_PRODUCTS_DIR; };
		6B5FE8181E67590B002CBDAA /* UIImage+extensions.swift */ = {isa = PBXFileReference; fileEncoding = 4; lastKnownFileType = sourcecode.swift; path = "UIImage+extensions.swift"; sourceTree = "<group>"; };
		6B5FE81A1E67598C002CBDAA /* UserDefaultsKey.swift */ = {isa = PBXFileReference; fileEncoding = 4; lastKnownFileType = sourcecode.swift; path = UserDefaultsKey.swift; sourceTree = "<group>"; };
		6B5FE81D1E687D47002CBDAA /* UIViewController+TJMApplicationNotification.swift */ = {isa = PBXFileReference; fileEncoding = 4; lastKnownFileType = sourcecode.swift; path = "UIViewController+TJMApplicationNotification.swift"; sourceTree = "<group>"; };
		6B5FE8201E687E15002CBDAA /* TJMApplicationNotification.swift */ = {isa = PBXFileReference; fileEncoding = 4; lastKnownFileType = sourcecode.swift; path = TJMApplicationNotification.swift; sourceTree = "<group>"; };
		6B5FE8231E69DF56002CBDAA /* RoverPhotosViewController.swift */ = {isa = PBXFileReference; fileEncoding = 4; lastKnownFileType = sourcecode.swift; path = RoverPhotosViewController.swift; sourceTree = "<group>"; };
		6B5FE8251E6A067D002CBDAA /* Int+extensions.swift */ = {isa = PBXFileReference; fileEncoding = 4; lastKnownFileType = sourcecode.swift; path = "Int+extensions.swift"; sourceTree = "<group>"; };
		6B5FE8281E6BBF72002CBDAA /* PhotoViewController.swift */ = {isa = PBXFileReference; fileEncoding = 4; lastKnownFileType = sourcecode.swift; path = PhotoViewController.swift; sourceTree = "<group>"; };
		6B871C691E5DE253006F2236 /* NASAMash.app */ = {isa = PBXFileReference; explicitFileType = wrapper.application; includeInIndex = 0; path = NASAMash.app; sourceTree = BUILT_PRODUCTS_DIR; };
		6B871C6C1E5DE253006F2236 /* AppDelegate.swift */ = {isa = PBXFileReference; lastKnownFileType = sourcecode.swift; path = AppDelegate.swift; sourceTree = "<group>"; };
		6B871C731E5DE253006F2236 /* Base */ = {isa = PBXFileReference; lastKnownFileType = file.storyboard; name = Base; path = Base.lproj/Main.storyboard; sourceTree = "<group>"; };
		6B871C751E5DE253006F2236 /* Assets.xcassets */ = {isa = PBXFileReference; lastKnownFileType = folder.assetcatalog; path = Assets.xcassets; sourceTree = "<group>"; };
		6B871C781E5DE253006F2236 /* Base */ = {isa = PBXFileReference; lastKnownFileType = file.storyboard; name = Base; path = Base.lproj/LaunchScreen.storyboard; sourceTree = "<group>"; };
		6B871C7A1E5DE253006F2236 /* Info.plist */ = {isa = PBXFileReference; lastKnownFileType = text.plist.xml; path = Info.plist; sourceTree = "<group>"; };
		6B871C7F1E5DE253006F2236 /* NASAMashTests.xctest */ = {isa = PBXFileReference; explicitFileType = wrapper.cfbundle; includeInIndex = 0; path = NASAMashTests.xctest; sourceTree = BUILT_PRODUCTS_DIR; };
		6B871C831E5DE253006F2236 /* NASAMashTests.swift */ = {isa = PBXFileReference; lastKnownFileType = sourcecode.swift; path = NASAMashTests.swift; sourceTree = "<group>"; };
		6B871C851E5DE253006F2236 /* Info.plist */ = {isa = PBXFileReference; lastKnownFileType = text.plist.xml; path = Info.plist; sourceTree = "<group>"; };
		6B871C8A1E5DE253006F2236 /* NASAMashUITests.xctest */ = {isa = PBXFileReference; explicitFileType = wrapper.cfbundle; includeInIndex = 0; path = NASAMashUITests.xctest; sourceTree = BUILT_PRODUCTS_DIR; };
		6B871C8E1E5DE253006F2236 /* NASAMashUITests.swift */ = {isa = PBXFileReference; lastKnownFileType = sourcecode.swift; path = NASAMashUITests.swift; sourceTree = "<group>"; };
		6B871C901E5DE253006F2236 /* Info.plist */ = {isa = PBXFileReference; lastKnownFileType = text.plist.xml; path = Info.plist; sourceTree = "<group>"; };
		6B871C9C1E5DE289006F2236 /* Camera.swift */ = {isa = PBXFileReference; fileEncoding = 4; lastKnownFileType = sourcecode.swift; path = Camera.swift; sourceTree = "<group>"; };
		6B871C9F1E5DE2F0006F2236 /* Rover.swift */ = {isa = PBXFileReference; fileEncoding = 4; lastKnownFileType = sourcecode.swift; path = Rover.swift; sourceTree = "<group>"; };
		6B871CA21E5DE40E006F2236 /* NASARoverEndpoint.swift */ = {isa = PBXFileReference; fileEncoding = 4; lastKnownFileType = sourcecode.swift; path = NASARoverEndpoint.swift; sourceTree = "<group>"; };
		6B871CA51E5DE43D006F2236 /* APIClient.swift */ = {isa = PBXFileReference; fileEncoding = 4; lastKnownFileType = sourcecode.swift; path = APIClient.swift; sourceTree = "<group>"; };
		6B871CAE1E5DE498006F2236 /* NASAAPIClient.swift */ = {isa = PBXFileReference; fileEncoding = 4; lastKnownFileType = sourcecode.swift; path = NASAAPIClient.swift; sourceTree = "<group>"; };
		6B871CB31E5DF0BD006F2236 /* RoverRequestParameters.swift */ = {isa = PBXFileReference; fileEncoding = 4; lastKnownFileType = sourcecode.swift; path = RoverRequestParameters.swift; sourceTree = "<group>"; };
		6B871CB61E5DF104006F2236 /* Key.swift */ = {isa = PBXFileReference; fileEncoding = 4; lastKnownFileType = sourcecode.swift; path = Key.swift; sourceTree = "<group>"; };
		6B871CBA1E5DF2B8006F2236 /* Date+extensions.swift */ = {isa = PBXFileReference; fileEncoding = 4; lastKnownFileType = sourcecode.swift; path = "Date+extensions.swift"; sourceTree = "<group>"; };
		6B871CBD1E5DF532006F2236 /* DictionaryAddValuesFromDictionary.swift */ = {isa = PBXFileReference; fileEncoding = 4; lastKnownFileType = sourcecode.swift; path = DictionaryAddValuesFromDictionary.swift; sourceTree = "<group>"; };
		6B871CC01E5DF7DC006F2236 /* String+extensions.swift */ = {isa = PBXFileReference; fileEncoding = 4; lastKnownFileType = sourcecode.swift; path = "String+extensions.swift"; sourceTree = "<group>"; };
		6B871CC31E5E12E9006F2236 /* RoverPhoto.swift */ = {isa = PBXFileReference; fileEncoding = 4; lastKnownFileType = sourcecode.swift; path = RoverPhoto.swift; sourceTree = "<group>"; };
		6B871CC61E5E1445006F2236 /* JSONInitable.swift */ = {isa = PBXFileReference; fileEncoding = 4; lastKnownFileType = sourcecode.swift; path = JSONInitable.swift; sourceTree = "<group>"; };
		6B871CD11E5E26BA006F2236 /* Rover+extensions.swift */ = {isa = PBXFileReference; fileEncoding = 4; lastKnownFileType = sourcecode.swift; path = "Rover+extensions.swift"; sourceTree = "<group>"; };
		6B871CD41E5E26D5006F2236 /* RoverPhoto+extensions.swift */ = {isa = PBXFileReference; fileEncoding = 4; lastKnownFileType = sourcecode.swift; path = "RoverPhoto+extensions.swift"; sourceTree = "<group>"; };
		6B871CD71E5E2702006F2236 /* Camera+extensions.swift */ = {isa = PBXFileReference; fileEncoding = 4; lastKnownFileType = sourcecode.swift; path = "Camera+extensions.swift"; sourceTree = "<group>"; };
		6B871CDA1E5E30A7006F2236 /* ListParseable.swift */ = {isa = PBXFileReference; fileEncoding = 4; lastKnownFileType = sourcecode.swift; path = ListParseable.swift; sourceTree = "<group>"; };
		6B871D281E60C6CB006F2236 /* Model.swift */ = {isa = PBXFileReference; fileEncoding = 4; lastKnownFileType = sourcecode.swift; path = Model.swift; sourceTree = "<group>"; };
		6B871D2B1E647CD6006F2236 /* UserSettings.swift */ = {isa = PBXFileReference; fileEncoding = 4; lastKnownFileType = sourcecode.swift; path = UserSettings.swift; sourceTree = "<group>"; };
		6B871D301E64B7C9006F2236 /* Manifest.swift */ = {isa = PBXFileReference; fileEncoding = 4; lastKnownFileType = sourcecode.swift; path = Manifest.swift; sourceTree = "<group>"; };
		6B871D331E64B84F006F2236 /* Manifest+extensions.swift */ = {isa = PBXFileReference; fileEncoding = 4; lastKnownFileType = sourcecode.swift; path = "Manifest+extensions.swift"; sourceTree = "<group>"; };
		6B907B061E652F3300B75514 /* NASAEarthImageryEndpoint.swift */ = {isa = PBXFileReference; fileEncoding = 4; lastKnownFileType = sourcecode.swift; path = NASAEarthImageryEndpoint.swift; sourceTree = "<group>"; };
		6B907B091E65310C00B75514 /* EarthImageAsset.swift */ = {isa = PBXFileReference; fileEncoding = 4; lastKnownFileType = sourcecode.swift; path = EarthImageAsset.swift; sourceTree = "<group>"; };
		6B907B0C1E65393C00B75514 /* EarthImagery.swift */ = {isa = PBXFileReference; fileEncoding = 4; lastKnownFileType = sourcecode.swift; path = EarthImagery.swift; sourceTree = "<group>"; };
		6B907B0F1E6539E400B75514 /* EarthImageryParams.swift */ = {isa = PBXFileReference; fileEncoding = 4; lastKnownFileType = sourcecode.swift; path = EarthImageryParams.swift; sourceTree = "<group>"; };
		6B907B121E653F0500B75514 /* EarthImageAsset+extensions.swift */ = {isa = PBXFileReference; fileEncoding = 4; lastKnownFileType = sourcecode.swift; path = "EarthImageAsset+extensions.swift"; sourceTree = "<group>"; };
		6B907B151E65F2F300B75514 /* EarthImagery+extensions.swift */ = {isa = PBXFileReference; fileEncoding = 4; lastKnownFileType = sourcecode.swift; path = "EarthImagery+extensions.swift"; sourceTree = "<group>"; };
		6B907B181E660D2200B75514 /* APODImage.swift */ = {isa = PBXFileReference; fileEncoding = 4; lastKnownFileType = sourcecode.swift; path = APODImage.swift; sourceTree = "<group>"; };
		6B907B1B1E660E2D00B75514 /* APODImage+extensions.swift */ = {isa = PBXFileReference; fileEncoding = 4; lastKnownFileType = sourcecode.swift; path = "APODImage+extensions.swift"; sourceTree = "<group>"; };
		6B907B1E1E66124300B75514 /* NASAAPODEndpoint.swift */ = {isa = PBXFileReference; fileEncoding = 4; lastKnownFileType = sourcecode.swift; path = NASAAPODEndpoint.swift; sourceTree = "<group>"; };
		6B907B211E66165B00B75514 /* Feature.swift */ = {isa = PBXFileReference; fileEncoding = 4; lastKnownFileType = sourcecode.swift; path = Feature.swift; sourceTree = "<group>"; };
		6B907B241E66168D00B75514 /* Feature+extensions.swift */ = {isa = PBXFileReference; fileEncoding = 4; lastKnownFileType = sourcecode.swift; path = "Feature+extensions.swift"; sourceTree = "<group>"; };
		6B907B271E663EFF00B75514 /* FeatureViewController.swift */ = {isa = PBXFileReference; fileEncoding = 4; lastKnownFileType = sourcecode.swift; path = FeatureViewController.swift; sourceTree = "<group>"; };
		6B907B2B1E66400900B75514 /* FeatureCell.swift */ = {isa = PBXFileReference; fileEncoding = 4; lastKnownFileType = sourcecode.swift; path = FeatureCell.swift; sourceTree = "<group>"; };
		6B907B2E1E67344800B75514 /* APODCell.swift */ = {isa = PBXFileReference; fileEncoding = 4; lastKnownFileType = sourcecode.swift; path = APODCell.swift; sourceTree = "<group>"; };
		6B907B311E67417700B75514 /* APODViewController.swift */ = {isa = PBXFileReference; fileEncoding = 4; lastKnownFileType = sourcecode.swift; path = APODViewController.swift; sourceTree = "<group>"; };
		6B9D8EC01E6F048600F626FD /* PostcardViewController.swift */ = {isa = PBXFileReference; fileEncoding = 4; lastKnownFileType = sourcecode.swift; path = PostcardViewController.swift; sourceTree = "<group>"; };
		6B9D8EC21E703EA800F626FD /* ActivityViewController.swift */ = {isa = PBXFileReference; fileEncoding = 4; lastKnownFileType = sourcecode.swift; path = ActivityViewController.swift; sourceTree = "<group>"; };
		6B9D8EC41E706E9100F626FD /* EarthViewController.swift */ = {isa = PBXFileReference; fileEncoding = 4; lastKnownFileType = sourcecode.swift; path = EarthViewController.swift; sourceTree = "<group>"; };
		6B9D8EC61E71045800F626FD /* LocationViewController.swift */ = {isa = PBXFileReference; fileEncoding = 4; lastKnownFileType = sourcecode.swift; path = LocationViewController.swift; sourceTree = "<group>"; };
		6B9D8EC81E71050F00F626FD /* LocationManager.swift */ = {isa = PBXFileReference; fileEncoding = 4; lastKnownFileType = sourcecode.swift; path = LocationManager.swift; sourceTree = "<group>"; };
		6B9D8ECB1E71054700F626FD /* CLPlacemark+extensions.swift */ = {isa = PBXFileReference; fileEncoding = 4; lastKnownFileType = sourcecode.swift; path = "CLPlacemark+extensions.swift"; sourceTree = "<group>"; };
		6B9D8ECE1E71061500F626FD /* SearchResultsTableViewController.swift */ = {isa = PBXFileReference; fileEncoding = 4; lastKnownFileType = sourcecode.swift; path = SearchResultsTableViewController.swift; sourceTree = "<group>"; };
		6B9D8ED01E72178000F626FD /* LocationManagerTests.swift */ = {isa = PBXFileReference; fileEncoding = 4; lastKnownFileType = sourcecode.swift; path = LocationManagerTests.swift; sourceTree = "<group>"; };
		6BBEDD2F1E6E4A0C00ED9D3F /* CGRect+extensions.swift */ = {isa = PBXFileReference; fileEncoding = 4; lastKnownFileType = sourcecode.swift; path = "CGRect+extensions.swift"; sourceTree = "<group>"; };
		6BBEDD321E6E675100ED9D3F /* RoverPhotoCell.swift */ = {isa = PBXFileReference; fileEncoding = 4; lastKnownFileType = sourcecode.swift; path = RoverPhotoCell.swift; sourceTree = "<group>"; };
		6BCE2B2E1E6C422A003D6893 /* ImageManager.swift */ = {isa = PBXFileReference; fileEncoding = 4; lastKnownFileType = sourcecode.swift; path = ImageManager.swift; sourceTree = "<group>"; };
		6BCE2B301E6C6587003D6893 /* AttributedStringDescription.swift */ = {isa = PBXFileReference; fileEncoding = 4; lastKnownFileType = sourcecode.swift; path = AttributedStringDescription.swift; sourceTree = "<group>"; };
		6BF4EF071E6D14EF002A81B7 /* RepointerViewController.swift */ = {isa = PBXFileReference; fileEncoding = 4; lastKnownFileType = sourcecode.swift; path = RepointerViewController.swift; sourceTree = "<group>"; };
		7059F736121C4343DB12F6F7 /* Pods-NASAMash.debug.xcconfig */ = {isa = PBXFileReference; includeInIndex = 1; lastKnownFileType = text.xcconfig; name = "Pods-NASAMash.debug.xcconfig"; path = "Pods/Target Support Files/Pods-NASAMash/Pods-NASAMash.debug.xcconfig"; sourceTree = "<group>"; };
		7957F259B61E901C452D1567 /* Pods_NASAMash.framework */ = {isa = PBXFileReference; explicitFileType = wrapper.framework; includeInIndex = 0; path = Pods_NASAMash.framework; sourceTree = BUILT_PRODUCTS_DIR; };
		9B6E84880D58BD04FD86EAB0 /* Pods-NASAMash.release.xcconfig */ = {isa = PBXFileReference; includeInIndex = 1; lastKnownFileType = text.xcconfig; name = "Pods-NASAMash.release.xcconfig"; path = "Pods/Target Support Files/Pods-NASAMash/Pods-NASAMash.release.xcconfig"; sourceTree = "<group>"; };
		B27B6D66EDBFF9DF7BB1C9AB /* Pods-NASAMashTests.debug.xcconfig */ = {isa = PBXFileReference; includeInIndex = 1; lastKnownFileType = text.xcconfig; name = "Pods-NASAMashTests.debug.xcconfig"; path = "Pods/Target Support Files/Pods-NASAMashTests/Pods-NASAMashTests.debug.xcconfig"; sourceTree = "<group>"; };
		D5B5E95D589A2B07BB230A02 /* Pods_NASAMashUITests.framework */ = {isa = PBXFileReference; explicitFileType = wrapper.framework; includeInIndex = 0; path = Pods_NASAMashUITests.framework; sourceTree = BUILT_PRODUCTS_DIR; };
		DB44D5C2A98CA11CB32B35C2 /* Pods-NASAMashUITests.release.xcconfig */ = {isa = PBXFileReference; includeInIndex = 1; lastKnownFileType = text.xcconfig; name = "Pods-NASAMashUITests.release.xcconfig"; path = "Pods/Target Support Files/Pods-NASAMashUITests/Pods-NASAMashUITests.release.xcconfig"; sourceTree = "<group>"; };
/* End PBXFileReference section */

/* Begin PBXFrameworksBuildPhase section */
		6B871C661E5DE253006F2236 /* Frameworks */ = {
			isa = PBXFrameworksBuildPhase;
			buildActionMask = 2147483647;
			files = (
				A257FB26C6D3E10C518CB6F0 /* Pods_NASAMash.framework in Frameworks */,
			);
			runOnlyForDeploymentPostprocessing = 0;
		};
		6B871C7C1E5DE253006F2236 /* Frameworks */ = {
			isa = PBXFrameworksBuildPhase;
			buildActionMask = 2147483647;
			files = (
				079CA3CCD23B62C887AB86F6 /* Pods_NASAMashTests.framework in Frameworks */,
			);
			runOnlyForDeploymentPostprocessing = 0;
		};
		6B871C871E5DE253006F2236 /* Frameworks */ = {
			isa = PBXFrameworksBuildPhase;
			buildActionMask = 2147483647;
			files = (
				0F400C6FAF242272EE9C8773 /* Pods_NASAMashUITests.framework in Frameworks */,
			);
			runOnlyForDeploymentPostprocessing = 0;
		};
/* End PBXFrameworksBuildPhase section */

/* Begin PBXGroup section */
		1728DC5D0320A40F10F5DCF9 /* Pods */ = {
			isa = PBXGroup;
			children = (
				7059F736121C4343DB12F6F7 /* Pods-NASAMash.debug.xcconfig */,
				9B6E84880D58BD04FD86EAB0 /* Pods-NASAMash.release.xcconfig */,
				B27B6D66EDBFF9DF7BB1C9AB /* Pods-NASAMashTests.debug.xcconfig */,
				3A47DEC2F92CBE4711BD09A7 /* Pods-NASAMashTests.release.xcconfig */,
				5A5B3D0AE136817123733CF3 /* Pods-NASAMashUITests.debug.xcconfig */,
				DB44D5C2A98CA11CB32B35C2 /* Pods-NASAMashUITests.release.xcconfig */,
			);
			name = Pods;
			sourceTree = "<group>";
		};
		6B5FE8171E675807002CBDAA /* Controller */ = {
			isa = PBXGroup;
			children = (
				6B907B271E663EFF00B75514 /* FeatureViewController.swift */,
				6BF4EF071E6D14EF002A81B7 /* RepointerViewController.swift */,
				6B907B311E67417700B75514 /* APODViewController.swift */,
				6B9D8EC41E706E9100F626FD /* EarthViewController.swift */,
				6B9D8EC61E71045800F626FD /* LocationViewController.swift */,
				6B9D8ECE1E71061500F626FD /* SearchResultsTableViewController.swift */,
				6B5FE8231E69DF56002CBDAA /* RoverPhotosViewController.swift */,
				6B5FE8281E6BBF72002CBDAA /* PhotoViewController.swift */,
				6B9D8EC01E6F048600F626FD /* PostcardViewController.swift */,
				6BCE2B2E1E6C422A003D6893 /* ImageManager.swift */,
				6B9D8EC21E703EA800F626FD /* ActivityViewController.swift */,
			);
			name = Controller;
			sourceTree = "<group>";
		};
		6B871C601E5DE253006F2236 = {
			isa = PBXGroup;
			children = (
				6B871C6B1E5DE253006F2236 /* NASAMash */,
				6B871C821E5DE253006F2236 /* NASAMashTests */,
				6B871C8D1E5DE253006F2236 /* NASAMashUITests */,
				6B871C6A1E5DE253006F2236 /* Products */,
				1728DC5D0320A40F10F5DCF9 /* Pods */,
				F12645DCED992EBB53FB87BC /* Frameworks */,
			);
			sourceTree = "<group>";
		};
		6B871C6A1E5DE253006F2236 /* Products */ = {
			isa = PBXGroup;
			children = (
				6B871C691E5DE253006F2236 /* NASAMash.app */,
				6B871C7F1E5DE253006F2236 /* NASAMashTests.xctest */,
				6B871C8A1E5DE253006F2236 /* NASAMashUITests.xctest */,
			);
			name = Products;
			sourceTree = "<group>";
		};
		6B871C6B1E5DE253006F2236 /* NASAMash */ = {
			isa = PBXGroup;
			children = (
				6B871C6C1E5DE253006F2236 /* AppDelegate.swift */,
				6B9D8EC81E71050F00F626FD /* LocationManager.swift */,
				6B907B2A1E663FA600B75514 /* View */,
				6B5FE8171E675807002CBDAA /* Controller */,
				6B871CB91E5DF2A1006F2236 /* Foundation Extensions */,
				6B871CB11E5DE5A5006F2236 /* Model */,
				6B871CB21E5DE5B1006F2236 /* Network */,
				6B871C771E5DE253006F2236 /* LaunchScreen.storyboard */,
				6B871C751E5DE253006F2236 /* Assets.xcassets */,
				6B871C7A1E5DE253006F2236 /* Info.plist */,
			);
			path = NASAMash;
			sourceTree = "<group>";
		};
		6B871C821E5DE253006F2236 /* NASAMashTests */ = {
			isa = PBXGroup;
			children = (
				6B871C831E5DE253006F2236 /* NASAMashTests.swift */,
				6B9D8ED01E72178000F626FD /* LocationManagerTests.swift */,
				6B871C851E5DE253006F2236 /* Info.plist */,
			);
			path = NASAMashTests;
			sourceTree = "<group>";
		};
		6B871C8D1E5DE253006F2236 /* NASAMashUITests */ = {
			isa = PBXGroup;
			children = (
				6B871C8E1E5DE253006F2236 /* NASAMashUITests.swift */,
				6B871C901E5DE253006F2236 /* Info.plist */,
			);
			path = NASAMashUITests;
			sourceTree = "<group>";
		};
		6B871CB11E5DE5A5006F2236 /* Model */ = {
			isa = PBXGroup;
			children = (
				6B871D281E60C6CB006F2236 /* Model.swift */,
				6B5FE81A1E67598C002CBDAA /* UserDefaultsKey.swift */,
				6B871D2B1E647CD6006F2236 /* UserSettings.swift */,
				6B871D2E1E64B4F5006F2236 /* Base Types */,
				6B871D2F1E64B54C006F2236 /* Extensions */,
			);
			name = Model;
			sourceTree = "<group>";
		};
		6B871CB21E5DE5B1006F2236 /* Network */ = {
			isa = PBXGroup;
			children = (
				6B871CD01E5E2683006F2236 /* Base Networking */,
				6B871CAE1E5DE498006F2236 /* NASAAPIClient.swift */,
				6B871CA21E5DE40E006F2236 /* NASARoverEndpoint.swift */,
				6B907B061E652F3300B75514 /* NASAEarthImageryEndpoint.swift */,
				6B907B1E1E66124300B75514 /* NASAAPODEndpoint.swift */,
				6B871CB61E5DF104006F2236 /* Key.swift */,
				6B871CB31E5DF0BD006F2236 /* RoverRequestParameters.swift */,
				6B907B0F1E6539E400B75514 /* EarthImageryParams.swift */,
			);
			name = Network;
			sourceTree = "<group>";
		};
		6B871CB91E5DF2A1006F2236 /* Foundation Extensions */ = {
			isa = PBXGroup;
			children = (
				6B5FE8201E687E15002CBDAA /* TJMApplicationNotification.swift */,
				6B5FE81D1E687D47002CBDAA /* UIViewController+TJMApplicationNotification.swift */,
				6B5FE8181E67590B002CBDAA /* UIImage+extensions.swift */,
				6B871CBA1E5DF2B8006F2236 /* Date+extensions.swift */,
				6B871CBD1E5DF532006F2236 /* DictionaryAddValuesFromDictionary.swift */,
				6B871CC01E5DF7DC006F2236 /* String+extensions.swift */,
				6B5FE8251E6A067D002CBDAA /* Int+extensions.swift */,
				6BBEDD2F1E6E4A0C00ED9D3F /* CGRect+extensions.swift */,
				6B9D8ECB1E71054700F626FD /* CLPlacemark+extensions.swift */,
			);
			name = "Foundation Extensions";
			sourceTree = "<group>";
		};
		6B871CD01E5E2683006F2236 /* Base Networking */ = {
			isa = PBXGroup;
			children = (
				6B871CA51E5DE43D006F2236 /* APIClient.swift */,
				6B871CC61E5E1445006F2236 /* JSONInitable.swift */,
				6B871CDA1E5E30A7006F2236 /* ListParseable.swift */,
			);
			name = "Base Networking";
			sourceTree = "<group>";
		};
		6B871D2E1E64B4F5006F2236 /* Base Types */ = {
			isa = PBXGroup;
			children = (
				6B907B211E66165B00B75514 /* Feature.swift */,
				6B871C9C1E5DE289006F2236 /* Camera.swift */,
				6B871C9F1E5DE2F0006F2236 /* Rover.swift */,
				6B871CC31E5E12E9006F2236 /* RoverPhoto.swift */,
				6B871D301E64B7C9006F2236 /* Manifest.swift */,
				6B907B091E65310C00B75514 /* EarthImageAsset.swift */,
				6B907B0C1E65393C00B75514 /* EarthImagery.swift */,
				6B907B181E660D2200B75514 /* APODImage.swift */,
			);
			name = "Base Types";
			sourceTree = "<group>";
		};
		6B871D2F1E64B54C006F2236 /* Extensions */ = {
			isa = PBXGroup;
			children = (
				6B907B241E66168D00B75514 /* Feature+extensions.swift */,
				6B871CD71E5E2702006F2236 /* Camera+extensions.swift */,
				6B871CD11E5E26BA006F2236 /* Rover+extensions.swift */,
				6B871CD41E5E26D5006F2236 /* RoverPhoto+extensions.swift */,
				6B871D331E64B84F006F2236 /* Manifest+extensions.swift */,
				6B907B121E653F0500B75514 /* EarthImageAsset+extensions.swift */,
				6B907B151E65F2F300B75514 /* EarthImagery+extensions.swift */,
				6B907B1B1E660E2D00B75514 /* APODImage+extensions.swift */,
				6BCE2B301E6C6587003D6893 /* AttributedStringDescription.swift */,
			);
			name = Extensions;
			sourceTree = "<group>";
		};
		6B907B2A1E663FA600B75514 /* View */ = {
			isa = PBXGroup;
			children = (
				6B871C721E5DE253006F2236 /* Main.storyboard */,
				6B907B2B1E66400900B75514 /* FeatureCell.swift */,
				6B907B2E1E67344800B75514 /* APODCell.swift */,
				6BBEDD321E6E675100ED9D3F /* RoverPhotoCell.swift */,
			);
			name = View;
			sourceTree = "<group>";
		};
		F12645DCED992EBB53FB87BC /* Frameworks */ = {
			isa = PBXGroup;
			children = (
				7957F259B61E901C452D1567 /* Pods_NASAMash.framework */,
				6380640F00A036EEDDB5537A /* Pods_NASAMashTests.framework */,
				D5B5E95D589A2B07BB230A02 /* Pods_NASAMashUITests.framework */,
			);
			name = Frameworks;
			sourceTree = "<group>";
		};
/* End PBXGroup section */

/* Begin PBXNativeTarget section */
		6B871C681E5DE253006F2236 /* NASAMash */ = {
			isa = PBXNativeTarget;
			buildConfigurationList = 6B871C931E5DE253006F2236 /* Build configuration list for PBXNativeTarget "NASAMash" */;
			buildPhases = (
				BFF10F65D8AFA37D66010E95 /* [CP] Check Pods Manifest.lock */,
				6B871C651E5DE253006F2236 /* Sources */,
				6B871C661E5DE253006F2236 /* Frameworks */,
				6B871C671E5DE253006F2236 /* Resources */,
				7337FA60C0C20A80D329056B /* [CP] Embed Pods Frameworks */,
				BA7E01DBF4637D4273DB8F17 /* [CP] Copy Pods Resources */,
			);
			buildRules = (
			);
			dependencies = (
			);
			name = NASAMash;
			productName = NASAMash;
			productReference = 6B871C691E5DE253006F2236 /* NASAMash.app */;
			productType = "com.apple.product-type.application";
		};
		6B871C7E1E5DE253006F2236 /* NASAMashTests */ = {
			isa = PBXNativeTarget;
			buildConfigurationList = 6B871C961E5DE253006F2236 /* Build configuration list for PBXNativeTarget "NASAMashTests" */;
			buildPhases = (
				C17CECFDFA562BD13563EF6E /* [CP] Check Pods Manifest.lock */,
				6B871C7B1E5DE253006F2236 /* Sources */,
				6B871C7C1E5DE253006F2236 /* Frameworks */,
				6B871C7D1E5DE253006F2236 /* Resources */,
				33BA7F02F465D4F4CBC3D9C3 /* [CP] Embed Pods Frameworks */,
				51C650B80BBE520A91577522 /* [CP] Copy Pods Resources */,
			);
			buildRules = (
			);
			dependencies = (
				6B871C811E5DE253006F2236 /* PBXTargetDependency */,
			);
			name = NASAMashTests;
			productName = NASAMashTests;
			productReference = 6B871C7F1E5DE253006F2236 /* NASAMashTests.xctest */;
			productType = "com.apple.product-type.bundle.unit-test";
		};
		6B871C891E5DE253006F2236 /* NASAMashUITests */ = {
			isa = PBXNativeTarget;
			buildConfigurationList = 6B871C991E5DE253006F2236 /* Build configuration list for PBXNativeTarget "NASAMashUITests" */;
			buildPhases = (
				6238211913B29CDEC7C67B66 /* [CP] Check Pods Manifest.lock */,
				6B871C861E5DE253006F2236 /* Sources */,
				6B871C871E5DE253006F2236 /* Frameworks */,
				6B871C881E5DE253006F2236 /* Resources */,
				7551EE208695CEA123E0A28F /* [CP] Embed Pods Frameworks */,
				610B527840930F88F169D211 /* [CP] Copy Pods Resources */,
			);
			buildRules = (
			);
			dependencies = (
				6B871C8C1E5DE253006F2236 /* PBXTargetDependency */,
			);
			name = NASAMashUITests;
			productName = NASAMashUITests;
			productReference = 6B871C8A1E5DE253006F2236 /* NASAMashUITests.xctest */;
			productType = "com.apple.product-type.bundle.ui-testing";
		};
/* End PBXNativeTarget section */

/* Begin PBXProject section */
		6B871C611E5DE253006F2236 /* Project object */ = {
			isa = PBXProject;
			attributes = {
				LastSwiftUpdateCheck = 0820;
				LastUpgradeCheck = 0820;
				ORGANIZATIONNAME = redBred;
				TargetAttributes = {
					6B871C681E5DE253006F2236 = {
						CreatedOnToolsVersion = 8.2.1;
						DevelopmentTeam = 646297YD5V;
						ProvisioningStyle = Automatic;
					};
					6B871C7E1E5DE253006F2236 = {
						CreatedOnToolsVersion = 8.2.1;
						DevelopmentTeam = 646297YD5V;
						ProvisioningStyle = Automatic;
						TestTargetID = 6B871C681E5DE253006F2236;
					};
					6B871C891E5DE253006F2236 = {
						CreatedOnToolsVersion = 8.2.1;
						DevelopmentTeam = 646297YD5V;
						ProvisioningStyle = Automatic;
						TestTargetID = 6B871C681E5DE253006F2236;
					};
				};
			};
			buildConfigurationList = 6B871C641E5DE253006F2236 /* Build configuration list for PBXProject "NASAMash" */;
			compatibilityVersion = "Xcode 3.2";
			developmentRegion = English;
			hasScannedForEncodings = 0;
			knownRegions = (
				en,
				Base,
			);
			mainGroup = 6B871C601E5DE253006F2236;
			productRefGroup = 6B871C6A1E5DE253006F2236 /* Products */;
			projectDirPath = "";
			projectRoot = "";
			targets = (
				6B871C681E5DE253006F2236 /* NASAMash */,
				6B871C7E1E5DE253006F2236 /* NASAMashTests */,
				6B871C891E5DE253006F2236 /* NASAMashUITests */,
			);
		};
/* End PBXProject section */

/* Begin PBXResourcesBuildPhase section */
		6B871C671E5DE253006F2236 /* Resources */ = {
			isa = PBXResourcesBuildPhase;
			buildActionMask = 2147483647;
			files = (
				6B871C791E5DE253006F2236 /* LaunchScreen.storyboard in Resources */,
				6B871C761E5DE253006F2236 /* Assets.xcassets in Resources */,
				6B871C741E5DE253006F2236 /* Main.storyboard in Resources */,
			);
			runOnlyForDeploymentPostprocessing = 0;
		};
		6B871C7D1E5DE253006F2236 /* Resources */ = {
			isa = PBXResourcesBuildPhase;
			buildActionMask = 2147483647;
			files = (
			);
			runOnlyForDeploymentPostprocessing = 0;
		};
		6B871C881E5DE253006F2236 /* Resources */ = {
			isa = PBXResourcesBuildPhase;
			buildActionMask = 2147483647;
			files = (
			);
			runOnlyForDeploymentPostprocessing = 0;
		};
/* End PBXResourcesBuildPhase section */

/* Begin PBXShellScriptBuildPhase section */
		33BA7F02F465D4F4CBC3D9C3 /* [CP] Embed Pods Frameworks */ = {
			isa = PBXShellScriptBuildPhase;
			buildActionMask = 2147483647;
			files = (
			);
			inputPaths = (
			);
			name = "[CP] Embed Pods Frameworks";
			outputPaths = (
			);
			runOnlyForDeploymentPostprocessing = 0;
			shellPath = /bin/sh;
			shellScript = "\"${SRCROOT}/Pods/Target Support Files/Pods-NASAMashTests/Pods-NASAMashTests-frameworks.sh\"\n";
			showEnvVarsInLog = 0;
		};
		51C650B80BBE520A91577522 /* [CP] Copy Pods Resources */ = {
			isa = PBXShellScriptBuildPhase;
			buildActionMask = 2147483647;
			files = (
			);
			inputPaths = (
			);
			name = "[CP] Copy Pods Resources";
			outputPaths = (
			);
			runOnlyForDeploymentPostprocessing = 0;
			shellPath = /bin/sh;
			shellScript = "\"${SRCROOT}/Pods/Target Support Files/Pods-NASAMashTests/Pods-NASAMashTests-resources.sh\"\n";
			showEnvVarsInLog = 0;
		};
		610B527840930F88F169D211 /* [CP] Copy Pods Resources */ = {
			isa = PBXShellScriptBuildPhase;
			buildActionMask = 2147483647;
			files = (
			);
			inputPaths = (
			);
			name = "[CP] Copy Pods Resources";
			outputPaths = (
			);
			runOnlyForDeploymentPostprocessing = 0;
			shellPath = /bin/sh;
			shellScript = "\"${SRCROOT}/Pods/Target Support Files/Pods-NASAMashUITests/Pods-NASAMashUITests-resources.sh\"\n";
			showEnvVarsInLog = 0;
		};
		6238211913B29CDEC7C67B66 /* [CP] Check Pods Manifest.lock */ = {
			isa = PBXShellScriptBuildPhase;
			buildActionMask = 2147483647;
			files = (
			);
			inputPaths = (
			);
			name = "[CP] Check Pods Manifest.lock";
			outputPaths = (
			);
			runOnlyForDeploymentPostprocessing = 0;
			shellPath = /bin/sh;
			shellScript = "diff \"${PODS_ROOT}/../Podfile.lock\" \"${PODS_ROOT}/Manifest.lock\" > /dev/null\nif [ $? != 0 ] ; then\n    # print error to STDERR\n    echo \"error: The sandbox is not in sync with the Podfile.lock. Run 'pod install' or update your CocoaPods installation.\" >&2\n    exit 1\nfi\n";
			showEnvVarsInLog = 0;
		};
		7337FA60C0C20A80D329056B /* [CP] Embed Pods Frameworks */ = {
			isa = PBXShellScriptBuildPhase;
			buildActionMask = 2147483647;
			files = (
			);
			inputPaths = (
			);
			name = "[CP] Embed Pods Frameworks";
			outputPaths = (
			);
			runOnlyForDeploymentPostprocessing = 0;
			shellPath = /bin/sh;
			shellScript = "\"${SRCROOT}/Pods/Target Support Files/Pods-NASAMash/Pods-NASAMash-frameworks.sh\"\n";
			showEnvVarsInLog = 0;
		};
		7551EE208695CEA123E0A28F /* [CP] Embed Pods Frameworks */ = {
			isa = PBXShellScriptBuildPhase;
			buildActionMask = 2147483647;
			files = (
			);
			inputPaths = (
			);
			name = "[CP] Embed Pods Frameworks";
			outputPaths = (
			);
			runOnlyForDeploymentPostprocessing = 0;
			shellPath = /bin/sh;
			shellScript = "\"${SRCROOT}/Pods/Target Support Files/Pods-NASAMashUITests/Pods-NASAMashUITests-frameworks.sh\"\n";
			showEnvVarsInLog = 0;
		};
		BA7E01DBF4637D4273DB8F17 /* [CP] Copy Pods Resources */ = {
			isa = PBXShellScriptBuildPhase;
			buildActionMask = 2147483647;
			files = (
			);
			inputPaths = (
			);
			name = "[CP] Copy Pods Resources";
			outputPaths = (
			);
			runOnlyForDeploymentPostprocessing = 0;
			shellPath = /bin/sh;
			shellScript = "\"${SRCROOT}/Pods/Target Support Files/Pods-NASAMash/Pods-NASAMash-resources.sh\"\n";
			showEnvVarsInLog = 0;
		};
		BFF10F65D8AFA37D66010E95 /* [CP] Check Pods Manifest.lock */ = {
			isa = PBXShellScriptBuildPhase;
			buildActionMask = 2147483647;
			files = (
			);
			inputPaths = (
			);
			name = "[CP] Check Pods Manifest.lock";
			outputPaths = (
			);
			runOnlyForDeploymentPostprocessing = 0;
			shellPath = /bin/sh;
			shellScript = "diff \"${PODS_ROOT}/../Podfile.lock\" \"${PODS_ROOT}/Manifest.lock\" > /dev/null\nif [ $? != 0 ] ; then\n    # print error to STDERR\n    echo \"error: The sandbox is not in sync with the Podfile.lock. Run 'pod install' or update your CocoaPods installation.\" >&2\n    exit 1\nfi\n";
			showEnvVarsInLog = 0;
		};
		C17CECFDFA562BD13563EF6E /* [CP] Check Pods Manifest.lock */ = {
			isa = PBXShellScriptBuildPhase;
			buildActionMask = 2147483647;
			files = (
			);
			inputPaths = (
			);
			name = "[CP] Check Pods Manifest.lock";
			outputPaths = (
			);
			runOnlyForDeploymentPostprocessing = 0;
			shellPath = /bin/sh;
			shellScript = "diff \"${PODS_ROOT}/../Podfile.lock\" \"${PODS_ROOT}/Manifest.lock\" > /dev/null\nif [ $? != 0 ] ; then\n    # print error to STDERR\n    echo \"error: The sandbox is not in sync with the Podfile.lock. Run 'pod install' or update your CocoaPods installation.\" >&2\n    exit 1\nfi\n";
			showEnvVarsInLog = 0;
		};
/* End PBXShellScriptBuildPhase section */

/* Begin PBXSourcesBuildPhase section */
		6B871C651E5DE253006F2236 /* Sources */ = {
			isa = PBXSourcesBuildPhase;
			buildActionMask = 2147483647;
			files = (
				6B907B251E66168D00B75514 /* Feature+extensions.swift in Sources */,
				6B5FE8261E6A067D002CBDAA /* Int+extensions.swift in Sources */,
				6B5FE81E1E687D47002CBDAA /* UIViewController+TJMApplicationNotification.swift in Sources */,
				6B871CA01E5DE2F0006F2236 /* Rover.swift in Sources */,
				6B907B0D1E65393C00B75514 /* EarthImagery.swift in Sources */,
				6B871CC71E5E1445006F2236 /* JSONInitable.swift in Sources */,
				6B871CD81E5E2702006F2236 /* Camera+extensions.swift in Sources */,
				6B9D8EC71E71045900F626FD /* LocationViewController.swift in Sources */,
				6B871CC11E5DF7DC006F2236 /* String+extensions.swift in Sources */,
				6B871CB71E5DF104006F2236 /* Key.swift in Sources */,
				6B907B1C1E660E2D00B75514 /* APODImage+extensions.swift in Sources */,
				6B871CB41E5DF0BD006F2236 /* RoverRequestParameters.swift in Sources */,
				6B9D8ECF1E71061500F626FD /* SearchResultsTableViewController.swift in Sources */,
				6B871CBE1E5DF532006F2236 /* DictionaryAddValuesFromDictionary.swift in Sources */,
				6B9D8ECC1E71054700F626FD /* CLPlacemark+extensions.swift in Sources */,
				6B871CD51E5E26D5006F2236 /* RoverPhoto+extensions.swift in Sources */,
				6BCE2B311E6C6587003D6893 /* AttributedStringDescription.swift in Sources */,
				6B5FE8241E69DF56002CBDAA /* RoverPhotosViewController.swift in Sources */,
				6B5FE8291E6BBF72002CBDAA /* PhotoViewController.swift in Sources */,
				6B871CA61E5DE43D006F2236 /* APIClient.swift in Sources */,
				6B871CBB1E5DF2B8006F2236 /* Date+extensions.swift in Sources */,
				6B871C9D1E5DE289006F2236 /* Camera.swift in Sources */,
				6B871CA31E5DE40E006F2236 /* NASARoverEndpoint.swift in Sources */,
				6B871D291E60C6CB006F2236 /* Model.swift in Sources */,
				6B907B191E660D2200B75514 /* APODImage.swift in Sources */,
				6B5FE8211E687E15002CBDAA /* TJMApplicationNotification.swift in Sources */,
				6B5FE8191E67590B002CBDAA /* UIImage+extensions.swift in Sources */,
				6B871D341E64B84F006F2236 /* Manifest+extensions.swift in Sources */,
				6B871CD21E5E26BA006F2236 /* Rover+extensions.swift in Sources */,
				6B9D8EC51E706E9100F626FD /* EarthViewController.swift in Sources */,
				6B907B2C1E66400900B75514 /* FeatureCell.swift in Sources */,
				6BBEDD331E6E675100ED9D3F /* RoverPhotoCell.swift in Sources */,
				6B907B131E653F0500B75514 /* EarthImageAsset+extensions.swift in Sources */,
				6B5FE81B1E67598C002CBDAA /* UserDefaultsKey.swift in Sources */,
				6B907B281E663EFF00B75514 /* FeatureViewController.swift in Sources */,
				6BCE2B2F1E6C422A003D6893 /* ImageManager.swift in Sources */,
				6B9D8EC91E71050F00F626FD /* LocationManager.swift in Sources */,
				6B907B221E66165B00B75514 /* Feature.swift in Sources */,
				6B9D8EC31E703EA800F626FD /* ActivityViewController.swift in Sources */,
				6B871CC41E5E12E9006F2236 /* RoverPhoto.swift in Sources */,
				6B907B101E6539E400B75514 /* EarthImageryParams.swift in Sources */,
				6B907B0A1E65310C00B75514 /* EarthImageAsset.swift in Sources */,
				6B871CDB1E5E30A7006F2236 /* ListParseable.swift in Sources */,
				6B907B1F1E66124300B75514 /* NASAAPODEndpoint.swift in Sources */,
				6BBEDD301E6E4A0C00ED9D3F /* CGRect+extensions.swift in Sources */,
				6B907B2F1E67344800B75514 /* APODCell.swift in Sources */,
				6B907B071E652F3300B75514 /* NASAEarthImageryEndpoint.swift in Sources */,
				6B871C6D1E5DE253006F2236 /* AppDelegate.swift in Sources */,
				6B871D311E64B7C9006F2236 /* Manifest.swift in Sources */,
				6B9D8EC11E6F048600F626FD /* PostcardViewController.swift in Sources */,
				6B907B161E65F2F300B75514 /* EarthImagery+extensions.swift in Sources */,
				6B871CAF1E5DE498006F2236 /* NASAAPIClient.swift in Sources */,
				6B907B321E67417700B75514 /* APODViewController.swift in Sources */,
				6B871D2C1E647CD6006F2236 /* UserSettings.swift in Sources */,
				6BF4EF081E6D14EF002A81B7 /* RepointerViewController.swift in Sources */,
			);
			runOnlyForDeploymentPostprocessing = 0;
		};
		6B871C7B1E5DE253006F2236 /* Sources */ = {
			isa = PBXSourcesBuildPhase;
			buildActionMask = 2147483647;
			files = (
				6B871CB51E5DF0BD006F2236 /* RoverRequestParameters.swift in Sources */,
				6B871CCF1E5E2313006F2236 /* JSONInitable.swift in Sources */,
				6B907B0B1E65310C00B75514 /* EarthImageAsset.swift in Sources */,
				6B871C9E1E5DE289006F2236 /* Camera.swift in Sources */,
				6B907B081E652F3300B75514 /* NASAEarthImageryEndpoint.swift in Sources */,
				6B907B231E66165B00B75514 /* Feature.swift in Sources */,
				6B871CC21E5DF7DC006F2236 /* String+extensions.swift in Sources */,
				6B871CD91E5E2702006F2236 /* Camera+extensions.swift in Sources */,
				6B907B111E6539E400B75514 /* EarthImageryParams.swift in Sources */,
				6B871CD31E5E26BA006F2236 /* Rover+extensions.swift in Sources */,
				6B907B1A1E660D2200B75514 /* APODImage.swift in Sources */,
				6B5FE8221E687E15002CBDAA /* TJMApplicationNotification.swift in Sources */,
				6B871CC51E5E12E9006F2236 /* RoverPhoto.swift in Sources */,
				6B871D321E64B7C9006F2236 /* Manifest.swift in Sources */,
				6B871CA41E5DE40E006F2236 /* NASARoverEndpoint.swift in Sources */,
				6B907B261E66168D00B75514 /* Feature+extensions.swift in Sources */,
				6B907B201E66124300B75514 /* NASAAPODEndpoint.swift in Sources */,
				6B871CDC1E5E30A7006F2236 /* ListParseable.swift in Sources */,
				6B871CBC1E5DF2B8006F2236 /* Date+extensions.swift in Sources */,
				6B871CD61E5E26D5006F2236 /* RoverPhoto+extensions.swift in Sources */,
				6B5FE8271E6A067D002CBDAA /* Int+extensions.swift in Sources */,
				6B9D8ED11E72178000F626FD /* LocationManagerTests.swift in Sources */,
				6B871D351E64B84F006F2236 /* Manifest+extensions.swift in Sources */,
				6B871C841E5DE253006F2236 /* NASAMashTests.swift in Sources */,
				6B871CB01E5DE498006F2236 /* NASAAPIClient.swift in Sources */,
				6B5FE81C1E67598C002CBDAA /* UserDefaultsKey.swift in Sources */,
				6B871D2D1E647CD6006F2236 /* UserSettings.swift in Sources */,
				6B871CB81E5DF104006F2236 /* Key.swift in Sources */,
				6B907B141E653F0500B75514 /* EarthImageAsset+extensions.swift in Sources */,
				6B907B171E65F2F300B75514 /* EarthImagery+extensions.swift in Sources */,
				6B9D8ECD1E71054700F626FD /* CLPlacemark+extensions.swift in Sources */,
				6B871CBF1E5DF532006F2236 /* DictionaryAddValuesFromDictionary.swift in Sources */,
				6B871CA71E5DE43D006F2236 /* APIClient.swift in Sources */,
				6B871D2A1E60C6CB006F2236 /* Model.swift in Sources */,
				6B871CA11E5DE2F0006F2236 /* Rover.swift in Sources */,
				6B907B0E1E65393C00B75514 /* EarthImagery.swift in Sources */,
				6B907B1D1E660E2D00B75514 /* APODImage+extensions.swift in Sources */,
				6BBEDD311E6E4A0C00ED9D3F /* CGRect+extensions.swift in Sources */,
				6B9D8ECA1E71051000F626FD /* LocationManager.swift in Sources */,
			);
			runOnlyForDeploymentPostprocessing = 0;
		};
		6B871C861E5DE253006F2236 /* Sources */ = {
			isa = PBXSourcesBuildPhase;
			buildActionMask = 2147483647;
			files = (
				6B871C8F1E5DE253006F2236 /* NASAMashUITests.swift in Sources */,
			);
			runOnlyForDeploymentPostprocessing = 0;
		};
/* End PBXSourcesBuildPhase section */

/* Begin PBXTargetDependency section */
		6B871C811E5DE253006F2236 /* PBXTargetDependency */ = {
			isa = PBXTargetDependency;
			target = 6B871C681E5DE253006F2236 /* NASAMash */;
			targetProxy = 6B871C801E5DE253006F2236 /* PBXContainerItemProxy */;
		};
		6B871C8C1E5DE253006F2236 /* PBXTargetDependency */ = {
			isa = PBXTargetDependency;
			target = 6B871C681E5DE253006F2236 /* NASAMash */;
			targetProxy = 6B871C8B1E5DE253006F2236 /* PBXContainerItemProxy */;
		};
/* End PBXTargetDependency section */

/* Begin PBXVariantGroup section */
		6B871C721E5DE253006F2236 /* Main.storyboard */ = {
			isa = PBXVariantGroup;
			children = (
				6B871C731E5DE253006F2236 /* Base */,
			);
			name = Main.storyboard;
			sourceTree = "<group>";
		};
		6B871C771E5DE253006F2236 /* LaunchScreen.storyboard */ = {
			isa = PBXVariantGroup;
			children = (
				6B871C781E5DE253006F2236 /* Base */,
			);
			name = LaunchScreen.storyboard;
			sourceTree = "<group>";
		};
/* End PBXVariantGroup section */

/* Begin XCBuildConfiguration section */
		6B871C911E5DE253006F2236 /* Debug */ = {
			isa = XCBuildConfiguration;
			buildSettings = {
				ALWAYS_EMBED_SWIFT_STANDARD_LIBRARIES = "$(inherited)";
				ALWAYS_SEARCH_USER_PATHS = NO;
				CLANG_ANALYZER_NONNULL = YES;
				CLANG_CXX_LANGUAGE_STANDARD = "gnu++0x";
				CLANG_CXX_LIBRARY = "libc++";
				CLANG_ENABLE_MODULES = YES;
				CLANG_ENABLE_OBJC_ARC = YES;
				CLANG_WARN_BOOL_CONVERSION = YES;
				CLANG_WARN_CONSTANT_CONVERSION = YES;
				CLANG_WARN_DIRECT_OBJC_ISA_USAGE = YES_ERROR;
				CLANG_WARN_DOCUMENTATION_COMMENTS = YES;
				CLANG_WARN_EMPTY_BODY = YES;
				CLANG_WARN_ENUM_CONVERSION = YES;
				CLANG_WARN_INFINITE_RECURSION = YES;
				CLANG_WARN_INT_CONVERSION = YES;
				CLANG_WARN_OBJC_ROOT_CLASS = YES_ERROR;
				CLANG_WARN_SUSPICIOUS_MOVE = YES;
				CLANG_WARN_UNREACHABLE_CODE = YES;
				CLANG_WARN__DUPLICATE_METHOD_MATCH = YES;
				"CODE_SIGN_IDENTITY[sdk=iphoneos*]" = "iPhone Developer";
				COPY_PHASE_STRIP = NO;
				DEBUG_INFORMATION_FORMAT = dwarf;
				ENABLE_STRICT_OBJC_MSGSEND = YES;
				ENABLE_TESTABILITY = YES;
				GCC_C_LANGUAGE_STANDARD = gnu99;
				GCC_DYNAMIC_NO_PIC = NO;
				GCC_NO_COMMON_BLOCKS = YES;
				GCC_OPTIMIZATION_LEVEL = 0;
				GCC_PREPROCESSOR_DEFINITIONS = (
					"DEBUG=1",
					"$(inherited)",
				);
				GCC_WARN_64_TO_32_BIT_CONVERSION = YES;
				GCC_WARN_ABOUT_RETURN_TYPE = YES_ERROR;
				GCC_WARN_UNDECLARED_SELECTOR = YES;
				GCC_WARN_UNINITIALIZED_AUTOS = YES_AGGRESSIVE;
				GCC_WARN_UNUSED_FUNCTION = YES;
				GCC_WARN_UNUSED_VARIABLE = YES;
				IPHONEOS_DEPLOYMENT_TARGET = 10.2;
				MTL_ENABLE_DEBUG_INFO = YES;
				ONLY_ACTIVE_ARCH = YES;
				SDKROOT = iphoneos;
				SWIFT_ACTIVE_COMPILATION_CONDITIONS = DEBUG;
				SWIFT_OPTIMIZATION_LEVEL = "-Onone";
				TARGETED_DEVICE_FAMILY = "1,2";
			};
			name = Debug;
		};
		6B871C921E5DE253006F2236 /* Release */ = {
			isa = XCBuildConfiguration;
			buildSettings = {
				ALWAYS_EMBED_SWIFT_STANDARD_LIBRARIES = "$(inherited)";
				ALWAYS_SEARCH_USER_PATHS = NO;
				CLANG_ANALYZER_NONNULL = YES;
				CLANG_CXX_LANGUAGE_STANDARD = "gnu++0x";
				CLANG_CXX_LIBRARY = "libc++";
				CLANG_ENABLE_MODULES = YES;
				CLANG_ENABLE_OBJC_ARC = YES;
				CLANG_WARN_BOOL_CONVERSION = YES;
				CLANG_WARN_CONSTANT_CONVERSION = YES;
				CLANG_WARN_DIRECT_OBJC_ISA_USAGE = YES_ERROR;
				CLANG_WARN_DOCUMENTATION_COMMENTS = YES;
				CLANG_WARN_EMPTY_BODY = YES;
				CLANG_WARN_ENUM_CONVERSION = YES;
				CLANG_WARN_INFINITE_RECURSION = YES;
				CLANG_WARN_INT_CONVERSION = YES;
				CLANG_WARN_OBJC_ROOT_CLASS = YES_ERROR;
				CLANG_WARN_SUSPICIOUS_MOVE = YES;
				CLANG_WARN_UNREACHABLE_CODE = YES;
				CLANG_WARN__DUPLICATE_METHOD_MATCH = YES;
				"CODE_SIGN_IDENTITY[sdk=iphoneos*]" = "iPhone Developer";
				COPY_PHASE_STRIP = NO;
				DEBUG_INFORMATION_FORMAT = "dwarf-with-dsym";
				ENABLE_NS_ASSERTIONS = NO;
				ENABLE_STRICT_OBJC_MSGSEND = YES;
				GCC_C_LANGUAGE_STANDARD = gnu99;
				GCC_NO_COMMON_BLOCKS = YES;
				GCC_WARN_64_TO_32_BIT_CONVERSION = YES;
				GCC_WARN_ABOUT_RETURN_TYPE = YES_ERROR;
				GCC_WARN_UNDECLARED_SELECTOR = YES;
				GCC_WARN_UNINITIALIZED_AUTOS = YES_AGGRESSIVE;
				GCC_WARN_UNUSED_FUNCTION = YES;
				GCC_WARN_UNUSED_VARIABLE = YES;
				IPHONEOS_DEPLOYMENT_TARGET = 10.2;
				MTL_ENABLE_DEBUG_INFO = NO;
				SDKROOT = iphoneos;
				SWIFT_OPTIMIZATION_LEVEL = "-Owholemodule";
				TARGETED_DEVICE_FAMILY = "1,2";
				VALIDATE_PRODUCT = YES;
			};
			name = Release;
		};
		6B871C941E5DE253006F2236 /* Debug */ = {
			isa = XCBuildConfiguration;
			baseConfigurationReference = 7059F736121C4343DB12F6F7 /* Pods-NASAMash.debug.xcconfig */;
			buildSettings = {
				ALWAYS_EMBED_SWIFT_STANDARD_LIBRARIES = YES;
				ASSETCATALOG_COMPILER_APPICON_NAME = AppIcon;
				DEVELOPMENT_TEAM = 646297YD5V;
				INFOPLIST_FILE = NASAMash/Info.plist;
				IPHONEOS_DEPLOYMENT_TARGET = 10.0;
				LD_RUNPATH_SEARCH_PATHS = "$(inherited) @executable_path/Frameworks";
				PRODUCT_BUNDLE_IDENTIFIER = com.redBred.NASAMash;
				PRODUCT_NAME = "$(TARGET_NAME)";
				SWIFT_VERSION = 3.0;
			};
			name = Debug;
		};
		6B871C951E5DE253006F2236 /* Release */ = {
			isa = XCBuildConfiguration;
			baseConfigurationReference = 9B6E84880D58BD04FD86EAB0 /* Pods-NASAMash.release.xcconfig */;
			buildSettings = {
				ALWAYS_EMBED_SWIFT_STANDARD_LIBRARIES = YES;
				ASSETCATALOG_COMPILER_APPICON_NAME = AppIcon;
				DEVELOPMENT_TEAM = 646297YD5V;
				INFOPLIST_FILE = NASAMash/Info.plist;
				IPHONEOS_DEPLOYMENT_TARGET = 10.0;
				LD_RUNPATH_SEARCH_PATHS = "$(inherited) @executable_path/Frameworks";
				PRODUCT_BUNDLE_IDENTIFIER = com.redBred.NASAMash;
				PRODUCT_NAME = "$(TARGET_NAME)";
				SWIFT_VERSION = 3.0;
			};
			name = Release;
		};
		6B871C971E5DE253006F2236 /* Debug */ = {
			isa = XCBuildConfiguration;
			baseConfigurationReference = B27B6D66EDBFF9DF7BB1C9AB /* Pods-NASAMashTests.debug.xcconfig */;
			buildSettings = {
				ALWAYS_EMBED_SWIFT_STANDARD_LIBRARIES = "$(inherited)";
				BUNDLE_LOADER = "$(TEST_HOST)";
				DEVELOPMENT_TEAM = 646297YD5V;
				INFOPLIST_FILE = NASAMashTests/Info.plist;
				LD_RUNPATH_SEARCH_PATHS = "$(inherited) @executable_path/Frameworks @loader_path/Frameworks";
				PRODUCT_BUNDLE_IDENTIFIER = com.redBred.NASAMashTests;
				PRODUCT_NAME = "$(TARGET_NAME)";
				SWIFT_VERSION = 3.0;
				TEST_HOST = "$(BUILT_PRODUCTS_DIR)/NASAMash.app/NASAMash";
			};
			name = Debug;
		};
		6B871C981E5DE253006F2236 /* Release */ = {
			isa = XCBuildConfiguration;
			baseConfigurationReference = 3A47DEC2F92CBE4711BD09A7 /* Pods-NASAMashTests.release.xcconfig */;
			buildSettings = {
				ALWAYS_EMBED_SWIFT_STANDARD_LIBRARIES = "$(inherited)";
				BUNDLE_LOADER = "$(TEST_HOST)";
				DEVELOPMENT_TEAM = 646297YD5V;
				INFOPLIST_FILE = NASAMashTests/Info.plist;
				LD_RUNPATH_SEARCH_PATHS = "$(inherited) @executable_path/Frameworks @loader_path/Frameworks";
				PRODUCT_BUNDLE_IDENTIFIER = com.redBred.NASAMashTests;
				PRODUCT_NAME = "$(TARGET_NAME)";
				SWIFT_VERSION = 3.0;
				TEST_HOST = "$(BUILT_PRODUCTS_DIR)/NASAMash.app/NASAMash";
			};
			name = Release;
		};
		6B871C9A1E5DE253006F2236 /* Debug */ = {
			isa = XCBuildConfiguration;
			baseConfigurationReference = 5A5B3D0AE136817123733CF3 /* Pods-NASAMashUITests.debug.xcconfig */;
			buildSettings = {
				ALWAYS_EMBED_SWIFT_STANDARD_LIBRARIES = "$(inherited)";
				DEVELOPMENT_TEAM = 646297YD5V;
				INFOPLIST_FILE = NASAMashUITests/Info.plist;
				LD_RUNPATH_SEARCH_PATHS = "$(inherited) @executable_path/Frameworks @loader_path/Frameworks";
				PRODUCT_BUNDLE_IDENTIFIER = com.redBred.NASAMashUITests;
				PRODUCT_NAME = "$(TARGET_NAME)";
				SWIFT_VERSION = 3.0;
				TEST_TARGET_NAME = NASAMash;
			};
			name = Debug;
		};
		6B871C9B1E5DE253006F2236 /* Release */ = {
			isa = XCBuildConfiguration;
			baseConfigurationReference = DB44D5C2A98CA11CB32B35C2 /* Pods-NASAMashUITests.release.xcconfig */;
			buildSettings = {
				ALWAYS_EMBED_SWIFT_STANDARD_LIBRARIES = "$(inherited)";
				DEVELOPMENT_TEAM = 646297YD5V;
				INFOPLIST_FILE = NASAMashUITests/Info.plist;
				LD_RUNPATH_SEARCH_PATHS = "$(inherited) @executable_path/Frameworks @loader_path/Frameworks";
				PRODUCT_BUNDLE_IDENTIFIER = com.redBred.NASAMashUITests;
				PRODUCT_NAME = "$(TARGET_NAME)";
				SWIFT_VERSION = 3.0;
				TEST_TARGET_NAME = NASAMash;
			};
			name = Release;
		};
/* End XCBuildConfiguration section */

/* Begin XCConfigurationList section */
		6B871C641E5DE253006F2236 /* Build configuration list for PBXProject "NASAMash" */ = {
			isa = XCConfigurationList;
			buildConfigurations = (
				6B871C911E5DE253006F2236 /* Debug */,
				6B871C921E5DE253006F2236 /* Release */,
			);
			defaultConfigurationIsVisible = 0;
			defaultConfigurationName = Release;
		};
		6B871C931E5DE253006F2236 /* Build configuration list for PBXNativeTarget "NASAMash" */ = {
			isa = XCConfigurationList;
			buildConfigurations = (
				6B871C941E5DE253006F2236 /* Debug */,
				6B871C951E5DE253006F2236 /* Release */,
			);
			defaultConfigurationIsVisible = 0;
			defaultConfigurationName = Release;
		};
		6B871C961E5DE253006F2236 /* Build configuration list for PBXNativeTarget "NASAMashTests" */ = {
			isa = XCConfigurationList;
			buildConfigurations = (
				6B871C971E5DE253006F2236 /* Debug */,
				6B871C981E5DE253006F2236 /* Release */,
			);
			defaultConfigurationIsVisible = 0;
			defaultConfigurationName = Release;
		};
		6B871C991E5DE253006F2236 /* Build configuration list for PBXNativeTarget "NASAMashUITests" */ = {
			isa = XCConfigurationList;
			buildConfigurations = (
				6B871C9A1E5DE253006F2236 /* Debug */,
				6B871C9B1E5DE253006F2236 /* Release */,
			);
			defaultConfigurationIsVisible = 0;
			defaultConfigurationName = Release;
		};
/* End XCConfigurationList section */
	};
	rootObject = 6B871C611E5DE253006F2236 /* Project object */;
}
